
Microsoft Visual Studio Solution File, Format Version 12.00
# Visual Studio Version 17
VisualStudioVersion = 17.3.32825.248
MinimumVisualStudioVersion = 10.0.40219.1
Project("{FAE04EC0-301F-11D3-BF4B-00C04F79EFBC}") = "AssignmentOne", "AssignmentOne\AssignmentOne.csproj", "{9DDC4961-55C7-424D-94E4-9BF4DB753FCF}"
EndProject
Global
	GlobalSection(SolutionConfigurationPlatforms) = preSolution
		Debug|Any CPU = Debug|Any CPU
		Release|Any CPU = Release|Any CPU
	EndGlobalSection
	GlobalSection(ProjectConfigurationPlatforms) = postSolution
		{9DDC4961-55C7-424D-94E4-9BF4DB753FCF}.Debug|Any CPU.ActiveCfg = Debug|Any CPU
		{9DDC4961-55C7-424D-94E4-9BF4DB753FCF}.Debug|Any CPU.Build.0 = Debug|Any CPU
		{9DDC4961-55C7-424D-94E4-9BF4DB753FCF}.Release|Any CPU.ActiveCfg = Release|Any CPU
		{9DDC4961-55C7-424D-94E4-9BF4DB753FCF}.Release|Any CPU.Build.0 = Release|Any CPU
	EndGlobalSection
	GlobalSection(SolutionProperties) = preSolution
		HideSolutionNode = FALSE
	EndGlobalSection
	GlobalSection(ExtensibilityGlobals) = postSolution
		SolutionGuid = {FC602B8D-ECFB-4211-B2A6-9D1B718018B2}
	EndGlobalSection
EndGlobal
